
Microsoft Visual Studio Solution File, Format Version 12.00
# Visual Studio Version 17
VisualStudioVersion = 17.7.34221.43
MinimumVisualStudioVersion = 10.0.40219.1
Project("{FAE04EC0-301F-11D3-BF4B-00C04F79EFBC}") = "0 value string builder", "0 value string builder\0 value string builder.csproj", "{FFCC06F0-FB08-48E1-9D6D-F72E20AE7D4D}"
EndProject
Global
	GlobalSection(SolutionConfigurationPlatforms) = preSolution
		Debug|Any CPU = Debug|Any CPU
		Release|Any CPU = Release|Any CPU
	EndGlobalSection
	GlobalSection(ProjectConfigurationPlatforms) = postSolution
		{FFCC06F0-FB08-48E1-9D6D-F72E20AE7D4D}.Debug|Any CPU.ActiveCfg = Debug|Any CPU
		{FFCC06F0-FB08-48E1-9D6D-F72E20AE7D4D}.Debug|Any CPU.Build.0 = Debug|Any CPU
		{FFCC06F0-FB08-48E1-9D6D-F72E20AE7D4D}.Release|Any CPU.ActiveCfg = Release|Any CPU
		{FFCC06F0-FB08-48E1-9D6D-F72E20AE7D4D}.Release|Any CPU.Build.0 = Release|Any CPU
	EndGlobalSection
	GlobalSection(SolutionProperties) = preSolution
		HideSolutionNode = FALSE
	EndGlobalSection
	GlobalSection(ExtensibilityGlobals) = postSolution
		SolutionGuid = {B6BBE423-7382-446B-9A3A-8D120F797521}
	EndGlobalSection
EndGlobal
